
Microsoft Visual Studio Solution File, Format Version 11.00
# Visual Studio 2010
Project("{FAE04EC0-301F-11D3-BF4B-00C04F79EFBC}") = "LTCountDownTimer", "LTCountDownTimer.csproj", "{A6CDC848-E801-46B9-91A5-2662FF46AC40}"
EndProject
Global
	GlobalSection(SolutionConfigurationPlatforms) = preSolution
		Debug|Any CPU = Debug|Any CPU
		Debug|x86 = Debug|x86
		Release|Any CPU = Release|Any CPU
		Release|x86 = Release|x86
	EndGlobalSection
	GlobalSection(ProjectConfigurationPlatforms) = postSolution
		{A6CDC848-E801-46B9-91A5-2662FF46AC40}.Debug|Any CPU.ActiveCfg = Debug|Any CPU
		{A6CDC848-E801-46B9-91A5-2662FF46AC40}.Debug|Any CPU.Build.0 = Debug|Any CPU
		{A6CDC848-E801-46B9-91A5-2662FF46AC40}.Debug|x86.ActiveCfg = Debug|x86
		{A6CDC848-E801-46B9-91A5-2662FF46AC40}.Debug|x86.Build.0 = Debug|x86
		{A6CDC848-E801-46B9-91A5-2662FF46AC40}.Release|Any CPU.ActiveCfg = Release|Any CPU
		{A6CDC848-E801-46B9-91A5-2662FF46AC40}.Release|Any CPU.Build.0 = Release|Any CPU
		{A6CDC848-E801-46B9-91A5-2662FF46AC40}.Release|x86.ActiveCfg = Release|x86
		{A6CDC848-E801-46B9-91A5-2662FF46AC40}.Release|x86.Build.0 = Release|x86
	EndGlobalSection
	GlobalSection(SolutionProperties) = preSolution
		HideSolutionNode = FALSE
	EndGlobalSection
EndGlobal
